// !$*UTF8*$!
{
	archiveVersion = 1;
	classes = {
	};
	objectVersion = 56;
	objects = {

/* Begin PBXBuildFile section */
		A5B69D572974289F00157B92 /* DateConverter.swift in Sources */ = {isa = PBXBuildFile; fileRef = A5B69D562974289F00157B92 /* DateConverter.swift */; };
		A5E1DC902965DD59000BFC80 /* AppDelegate.swift in Sources */ = {isa = PBXBuildFile; fileRef = A5E1DC8F2965DD59000BFC80 /* AppDelegate.swift */; };
		A5E1DC992965DD5A000BFC80 /* Assets.xcassets in Resources */ = {isa = PBXBuildFile; fileRef = A5E1DC982965DD5A000BFC80 /* Assets.xcassets */; };
		A5E1DC9C2965DD5A000BFC80 /* LaunchScreen.storyboard in Resources */ = {isa = PBXBuildFile; fileRef = A5E1DC9A2965DD5A000BFC80 /* LaunchScreen.storyboard */; };
		A5E1DCA72965DD5A000BFC80 /* swish_delivererTests.swift in Sources */ = {isa = PBXBuildFile; fileRef = A5E1DCA62965DD5A000BFC80 /* swish_delivererTests.swift */; };
		A5E1DCB12965DD5A000BFC80 /* swish_delivererUITests.swift in Sources */ = {isa = PBXBuildFile; fileRef = A5E1DCB02965DD5A000BFC80 /* swish_delivererUITests.swift */; };
		A5E1DCB32965DD5A000BFC80 /* swish_delivererUITestsLaunchTests.swift in Sources */ = {isa = PBXBuildFile; fileRef = A5E1DCB22965DD5A000BFC80 /* swish_delivererUITestsLaunchTests.swift */; };
		A5E1DCC82965E985000BFC80 /* Localizable.strings in Resources */ = {isa = PBXBuildFile; fileRef = A5E1DCCA2965E985000BFC80 /* Localizable.strings */; };
		A5E1DCD42965EBE0000BFC80 /* Session.swift in Sources */ = {isa = PBXBuildFile; fileRef = A5E1DCD32965EBE0000BFC80 /* Session.swift */; };
		A5E1DCDD2966248A000BFC80 /* LocalizedStringKeys.swift in Sources */ = {isa = PBXBuildFile; fileRef = A5E1DCDC2966248A000BFC80 /* LocalizedStringKeys.swift */; };
		A5E1DCE029662CBE000BFC80 /* HomeViewController.swift in Sources */ = {isa = PBXBuildFile; fileRef = A5E1DCDE29662CBE000BFC80 /* HomeViewController.swift */; };
		A5E1DCE129662CBE000BFC80 /* HomeViewController.xib in Resources */ = {isa = PBXBuildFile; fileRef = A5E1DCDF29662CBE000BFC80 /* HomeViewController.xib */; };
		A5E1DCE4296633AF000BFC80 /* ConnectionService.swift in Sources */ = {isa = PBXBuildFile; fileRef = A5E1DCE3296633AF000BFC80 /* ConnectionService.swift */; };
		A5E1DCE72966376F000BFC80 /* SessionKeys.swift in Sources */ = {isa = PBXBuildFile; fileRef = A5E1DCE62966376F000BFC80 /* SessionKeys.swift */; };
		A5E1DCEC296CAEE1000BFC80 /* ConnectionDbService.swift in Sources */ = {isa = PBXBuildFile; fileRef = A5E1DCEB296CAEE1000BFC80 /* ConnectionDbService.swift */; };
		A5E1DCEE296CB2D4000BFC80 /* AppInstance.swift in Sources */ = {isa = PBXBuildFile; fileRef = A5E1DCED296CB2D4000BFC80 /* AppInstance.swift */; };
		A5E1DCF1296CC62B000BFC80 /* TourViewController.swift in Sources */ = {isa = PBXBuildFile; fileRef = A5E1DCEF296CC62B000BFC80 /* TourViewController.swift */; };
		A5E1DCF2296CC62B000BFC80 /* TourViewController.xib in Resources */ = {isa = PBXBuildFile; fileRef = A5E1DCF0296CC62B000BFC80 /* TourViewController.xib */; };
		A5F6EA5F296F50AD000AA989 /* TourService.swift in Sources */ = {isa = PBXBuildFile; fileRef = A5F6EA5E296F50AD000AA989 /* TourService.swift */; };
		A5F6EA61296F50F4000AA989 /* Tour.swift in Sources */ = {isa = PBXBuildFile; fileRef = A5F6EA60296F50F4000AA989 /* Tour.swift */; };
		A5F6EA63296F514F000AA989 /* Parcel.swift in Sources */ = {isa = PBXBuildFile; fileRef = A5F6EA62296F514F000AA989 /* Parcel.swift */; };
		A5F6EA65296F527F000AA989 /* ParcelKeys.swift in Sources */ = {isa = PBXBuildFile; fileRef = A5F6EA64296F527F000AA989 /* ParcelKeys.swift */; };
		A5F6EA67296F53DF000AA989 /* TourKeys.swift in Sources */ = {isa = PBXBuildFile; fileRef = A5F6EA66296F53DF000AA989 /* TourKeys.swift */; };
		A5F6EA69296F56DA000AA989 /* TourDbService.swift in Sources */ = {isa = PBXBuildFile; fileRef = A5F6EA68296F56DA000AA989 /* TourDbService.swift */; };
		A5F6EA6B296F58CF000AA989 /* ErrorCode.swift in Sources */ = {isa = PBXBuildFile; fileRef = A5F6EA6A296F58CF000AA989 /* ErrorCode.swift */; };
/* End PBXBuildFile section */

/* Begin PBXContainerItemProxy section */
		A5E1DCA32965DD5A000BFC80 /* PBXContainerItemProxy */ = {
			isa = PBXContainerItemProxy;
			containerPortal = A5E1DC842965DD59000BFC80 /* Project object */;
			proxyType = 1;
			remoteGlobalIDString = A5E1DC8B2965DD59000BFC80;
			remoteInfo = "swish-deliverer";
		};
		A5E1DCAD2965DD5A000BFC80 /* PBXContainerItemProxy */ = {
			isa = PBXContainerItemProxy;
			containerPortal = A5E1DC842965DD59000BFC80 /* Project object */;
			proxyType = 1;
			remoteGlobalIDString = A5E1DC8B2965DD59000BFC80;
			remoteInfo = "swish-deliverer";
		};
/* End PBXContainerItemProxy section */

/* Begin PBXFileReference section */
		A53C62272974B0E000AC4F1D /* en */ = {isa = PBXFileReference; lastKnownFileType = text.plist.xml; name = en; path = en.lproj/Info.plist; sourceTree = "<group>"; };
		A53C62292974B0E600AC4F1D /* fr */ = {isa = PBXFileReference; lastKnownFileType = text.plist.xml; name = fr; path = fr.lproj/Info.plist; sourceTree = "<group>"; };
		A53C622A2974B0E800AC4F1D /* es */ = {isa = PBXFileReference; lastKnownFileType = text.plist.xml; name = es; path = es.lproj/Info.plist; sourceTree = "<group>"; };
		A5B69D562974289F00157B92 /* DateConverter.swift */ = {isa = PBXFileReference; lastKnownFileType = sourcecode.swift; path = DateConverter.swift; sourceTree = "<group>"; };
		A5E1DC8C2965DD59000BFC80 /* swish-deliverer.app */ = {isa = PBXFileReference; explicitFileType = wrapper.application; includeInIndex = 0; path = "swish-deliverer.app"; sourceTree = BUILT_PRODUCTS_DIR; };
		A5E1DC8F2965DD59000BFC80 /* AppDelegate.swift */ = {isa = PBXFileReference; lastKnownFileType = sourcecode.swift; path = AppDelegate.swift; sourceTree = "<group>"; };
		A5E1DC982965DD5A000BFC80 /* Assets.xcassets */ = {isa = PBXFileReference; lastKnownFileType = folder.assetcatalog; path = Assets.xcassets; sourceTree = "<group>"; };
		A5E1DC9B2965DD5A000BFC80 /* Base */ = {isa = PBXFileReference; lastKnownFileType = file.storyboard; name = Base; path = Base.lproj/LaunchScreen.storyboard; sourceTree = "<group>"; };
		A5E1DCA22965DD5A000BFC80 /* swish-delivererTests.xctest */ = {isa = PBXFileReference; explicitFileType = wrapper.cfbundle; includeInIndex = 0; path = "swish-delivererTests.xctest"; sourceTree = BUILT_PRODUCTS_DIR; };
		A5E1DCA62965DD5A000BFC80 /* swish_delivererTests.swift */ = {isa = PBXFileReference; lastKnownFileType = sourcecode.swift; path = swish_delivererTests.swift; sourceTree = "<group>"; };
		A5E1DCAC2965DD5A000BFC80 /* swish-delivererUITests.xctest */ = {isa = PBXFileReference; explicitFileType = wrapper.cfbundle; includeInIndex = 0; path = "swish-delivererUITests.xctest"; sourceTree = BUILT_PRODUCTS_DIR; };
		A5E1DCB02965DD5A000BFC80 /* swish_delivererUITests.swift */ = {isa = PBXFileReference; lastKnownFileType = sourcecode.swift; path = swish_delivererUITests.swift; sourceTree = "<group>"; };
		A5E1DCB22965DD5A000BFC80 /* swish_delivererUITestsLaunchTests.swift */ = {isa = PBXFileReference; lastKnownFileType = sourcecode.swift; path = swish_delivererUITestsLaunchTests.swift; sourceTree = "<group>"; };
		A5E1DCC92965E985000BFC80 /* en */ = {isa = PBXFileReference; lastKnownFileType = text.plist.strings; name = en; path = en.lproj/Localizable.strings; sourceTree = "<group>"; };
		A5E1DCCB2965E9BB000BFC80 /* fr */ = {isa = PBXFileReference; lastKnownFileType = text.plist.strings; name = fr; path = fr.lproj/Localizable.strings; sourceTree = "<group>"; };
		A5E1DCCC2965E9EA000BFC80 /* es */ = {isa = PBXFileReference; lastKnownFileType = text.plist.strings; name = es; path = es.lproj/Localizable.strings; sourceTree = "<group>"; };
		A5E1DCD32965EBE0000BFC80 /* Session.swift */ = {isa = PBXFileReference; lastKnownFileType = sourcecode.swift; path = Session.swift; sourceTree = "<group>"; };
		A5E1DCDC2966248A000BFC80 /* LocalizedStringKeys.swift */ = {isa = PBXFileReference; lastKnownFileType = sourcecode.swift; path = LocalizedStringKeys.swift; sourceTree = "<group>"; };
		A5E1DCDE29662CBE000BFC80 /* HomeViewController.swift */ = {isa = PBXFileReference; lastKnownFileType = sourcecode.swift; path = HomeViewController.swift; sourceTree = "<group>"; };
		A5E1DCDF29662CBE000BFC80 /* HomeViewController.xib */ = {isa = PBXFileReference; lastKnownFileType = file.xib; path = HomeViewController.xib; sourceTree = "<group>"; };
		A5E1DCE3296633AF000BFC80 /* ConnectionService.swift */ = {isa = PBXFileReference; lastKnownFileType = sourcecode.swift; path = ConnectionService.swift; sourceTree = "<group>"; };
		A5E1DCE62966376F000BFC80 /* SessionKeys.swift */ = {isa = PBXFileReference; lastKnownFileType = sourcecode.swift; path = SessionKeys.swift; sourceTree = "<group>"; };
		A5E1DCEB296CAEE1000BFC80 /* ConnectionDbService.swift */ = {isa = PBXFileReference; lastKnownFileType = sourcecode.swift; path = ConnectionDbService.swift; sourceTree = "<group>"; };
		A5E1DCED296CB2D4000BFC80 /* AppInstance.swift */ = {isa = PBXFileReference; lastKnownFileType = sourcecode.swift; path = AppInstance.swift; sourceTree = "<group>"; };
		A5E1DCEF296CC62B000BFC80 /* TourViewController.swift */ = {isa = PBXFileReference; lastKnownFileType = sourcecode.swift; path = TourViewController.swift; sourceTree = "<group>"; };
		A5E1DCF0296CC62B000BFC80 /* TourViewController.xib */ = {isa = PBXFileReference; lastKnownFileType = file.xib; path = TourViewController.xib; sourceTree = "<group>"; };
		A5F6EA5E296F50AD000AA989 /* TourService.swift */ = {isa = PBXFileReference; lastKnownFileType = sourcecode.swift; path = TourService.swift; sourceTree = "<group>"; };
		A5F6EA60296F50F4000AA989 /* Tour.swift */ = {isa = PBXFileReference; lastKnownFileType = sourcecode.swift; path = Tour.swift; sourceTree = "<group>"; };
		A5F6EA62296F514F000AA989 /* Parcel.swift */ = {isa = PBXFileReference; lastKnownFileType = sourcecode.swift; path = Parcel.swift; sourceTree = "<group>"; };
		A5F6EA64296F527F000AA989 /* ParcelKeys.swift */ = {isa = PBXFileReference; lastKnownFileType = sourcecode.swift; path = ParcelKeys.swift; sourceTree = "<group>"; };
		A5F6EA66296F53DF000AA989 /* TourKeys.swift */ = {isa = PBXFileReference; lastKnownFileType = sourcecode.swift; path = TourKeys.swift; sourceTree = "<group>"; };
		A5F6EA68296F56DA000AA989 /* TourDbService.swift */ = {isa = PBXFileReference; lastKnownFileType = sourcecode.swift; path = TourDbService.swift; sourceTree = "<group>"; };
		A5F6EA6A296F58CF000AA989 /* ErrorCode.swift */ = {isa = PBXFileReference; lastKnownFileType = sourcecode.swift; path = ErrorCode.swift; sourceTree = "<group>"; };
/* End PBXFileReference section */

/* Begin PBXFrameworksBuildPhase section */
		A5E1DC892965DD59000BFC80 /* Frameworks */ = {
			isa = PBXFrameworksBuildPhase;
			buildActionMask = 2147483647;
			files = (
			);
			runOnlyForDeploymentPostprocessing = 0;
		};
		A5E1DC9F2965DD5A000BFC80 /* Frameworks */ = {
			isa = PBXFrameworksBuildPhase;
			buildActionMask = 2147483647;
			files = (
			);
			runOnlyForDeploymentPostprocessing = 0;
		};
		A5E1DCA92965DD5A000BFC80 /* Frameworks */ = {
			isa = PBXFrameworksBuildPhase;
			buildActionMask = 2147483647;
			files = (
			);
			runOnlyForDeploymentPostprocessing = 0;
		};
/* End PBXFrameworksBuildPhase section */

/* Begin PBXGroup section */
		A5B69D552974288500157B92 /* Converter */ = {
			isa = PBXGroup;
			children = (
				A5B69D562974289F00157B92 /* DateConverter.swift */,
			);
			path = Converter;
			sourceTree = "<group>";
		};
		A5E1DC832965DD59000BFC80 = {
			isa = PBXGroup;
			children = (
				A5E1DC8E2965DD59000BFC80 /* swish-deliverer */,
				A5E1DCA52965DD5A000BFC80 /* swish-delivererTests */,
				A5E1DCAF2965DD5A000BFC80 /* swish-delivererUITests */,
				A5E1DC8D2965DD59000BFC80 /* Products */,
			);
			sourceTree = "<group>";
		};
		A5E1DC8D2965DD59000BFC80 /* Products */ = {
			isa = PBXGroup;
			children = (
				A5E1DC8C2965DD59000BFC80 /* swish-deliverer.app */,
				A5E1DCA22965DD5A000BFC80 /* swish-delivererTests.xctest */,
				A5E1DCAC2965DD5A000BFC80 /* swish-delivererUITests.xctest */,
			);
			name = Products;
			sourceTree = "<group>";
		};
		A5E1DC8E2965DD59000BFC80 /* swish-deliverer */ = {
			isa = PBXGroup;
			children = (
				A5E1DCD12965EBBB000BFC80 /* Platforms */,
				A5E1DCD02965EBA9000BFC80 /* Models */,
				A5E1DC8F2965DD59000BFC80 /* AppDelegate.swift */,
				A5E1DC982965DD5A000BFC80 /* Assets.xcassets */,
				A5E1DC9A2965DD5A000BFC80 /* LaunchScreen.storyboard */,
				A53C62282974B0E000AC4F1D /* Info.plist */,
				A5E1DCCA2965E985000BFC80 /* Localizable.strings */,
				A5E1DCDE29662CBE000BFC80 /* HomeViewController.swift */,
				A5E1DCDF29662CBE000BFC80 /* HomeViewController.xib */,
				A5E1DCEF296CC62B000BFC80 /* TourViewController.swift */,
				A5E1DCF0296CC62B000BFC80 /* TourViewController.xib */,
			);
			path = "swish-deliverer";
			sourceTree = "<group>";
		};
		A5E1DCA52965DD5A000BFC80 /* swish-delivererTests */ = {
			isa = PBXGroup;
			children = (
				A5E1DCA62965DD5A000BFC80 /* swish_delivererTests.swift */,
			);
			path = "swish-delivererTests";
			sourceTree = "<group>";
		};
		A5E1DCAF2965DD5A000BFC80 /* swish-delivererUITests */ = {
			isa = PBXGroup;
			children = (
				A5E1DCB02965DD5A000BFC80 /* swish_delivererUITests.swift */,
				A5E1DCB22965DD5A000BFC80 /* swish_delivererUITestsLaunchTests.swift */,
			);
			path = "swish-delivererUITests";
			sourceTree = "<group>";
		};
		A5E1DCD02965EBA9000BFC80 /* Models */ = {
			isa = PBXGroup;
			children = (
				A5B69D552974288500157B92 /* Converter */,
				A5E1DCE529663755000BFC80 /* Enums */,
				A5E1DCE229663399000BFC80 /* Services */,
				A5E1DCD52965ECC9000BFC80 /* Entities */,
				A5E1DCD32965EBE0000BFC80 /* Session.swift */,
				A5E1DCED296CB2D4000BFC80 /* AppInstance.swift */,
			);
			path = Models;
			sourceTree = "<group>";
		};
		A5E1DCD12965EBBB000BFC80 /* Platforms */ = {
			isa = PBXGroup;
			children = (
				A5E1DCEA296CAE60000BFC80 /* Database */,
				A5E1DCD22965EBC3000BFC80 /* JSON */,
			);
			path = Platforms;
			sourceTree = "<group>";
		};
		A5E1DCD22965EBC3000BFC80 /* JSON */ = {
			isa = PBXGroup;
			children = (
			);
			path = JSON;
			sourceTree = "<group>";
		};
		A5E1DCD52965ECC9000BFC80 /* Entities */ = {
			isa = PBXGroup;
			children = (
				A5F6EA60296F50F4000AA989 /* Tour.swift */,
				A5F6EA62296F514F000AA989 /* Parcel.swift */,
			);
			path = Entities;
			sourceTree = "<group>";
		};
		A5E1DCE229663399000BFC80 /* Services */ = {
			isa = PBXGroup;
			children = (
				A5E1DCE3296633AF000BFC80 /* ConnectionService.swift */,
				A5F6EA5E296F50AD000AA989 /* TourService.swift */,
			);
			path = Services;
			sourceTree = "<group>";
		};
		A5E1DCE529663755000BFC80 /* Enums */ = {
			isa = PBXGroup;
			children = (
				A5E1DCDC2966248A000BFC80 /* LocalizedStringKeys.swift */,
				A5E1DCE62966376F000BFC80 /* SessionKeys.swift */,
				A5F6EA64296F527F000AA989 /* ParcelKeys.swift */,
				A5F6EA66296F53DF000AA989 /* TourKeys.swift */,
				A5F6EA6A296F58CF000AA989 /* ErrorCode.swift */,
			);
			path = Enums;
			sourceTree = "<group>";
		};
		A5E1DCEA296CAE60000BFC80 /* Database */ = {
			isa = PBXGroup;
			children = (
				A5E1DCEB296CAEE1000BFC80 /* ConnectionDbService.swift */,
				A5F6EA68296F56DA000AA989 /* TourDbService.swift */,
			);
			path = Database;
			sourceTree = "<group>";
		};
/* End PBXGroup section */

/* Begin PBXNativeTarget section */
		A5E1DC8B2965DD59000BFC80 /* swish-deliverer */ = {
			isa = PBXNativeTarget;
			buildConfigurationList = A5E1DCB62965DD5A000BFC80 /* Build configuration list for PBXNativeTarget "swish-deliverer" */;
			buildPhases = (
				A5E1DC882965DD59000BFC80 /* Sources */,
				A5E1DC892965DD59000BFC80 /* Frameworks */,
				A5E1DC8A2965DD59000BFC80 /* Resources */,
			);
			buildRules = (
			);
			dependencies = (
			);
			name = "swish-deliverer";
			productName = "swish-deliverer";
			productReference = A5E1DC8C2965DD59000BFC80 /* swish-deliverer.app */;
			productType = "com.apple.product-type.application";
		};
		A5E1DCA12965DD5A000BFC80 /* swish-delivererTests */ = {
			isa = PBXNativeTarget;
			buildConfigurationList = A5E1DCB92965DD5A000BFC80 /* Build configuration list for PBXNativeTarget "swish-delivererTests" */;
			buildPhases = (
				A5E1DC9E2965DD5A000BFC80 /* Sources */,
				A5E1DC9F2965DD5A000BFC80 /* Frameworks */,
				A5E1DCA02965DD5A000BFC80 /* Resources */,
			);
			buildRules = (
			);
			dependencies = (
				A5E1DCA42965DD5A000BFC80 /* PBXTargetDependency */,
			);
			name = "swish-delivererTests";
			productName = "swish-delivererTests";
			productReference = A5E1DCA22965DD5A000BFC80 /* swish-delivererTests.xctest */;
			productType = "com.apple.product-type.bundle.unit-test";
		};
		A5E1DCAB2965DD5A000BFC80 /* swish-delivererUITests */ = {
			isa = PBXNativeTarget;
			buildConfigurationList = A5E1DCBC2965DD5A000BFC80 /* Build configuration list for PBXNativeTarget "swish-delivererUITests" */;
			buildPhases = (
				A5E1DCA82965DD5A000BFC80 /* Sources */,
				A5E1DCA92965DD5A000BFC80 /* Frameworks */,
				A5E1DCAA2965DD5A000BFC80 /* Resources */,
			);
			buildRules = (
			);
			dependencies = (
				A5E1DCAE2965DD5A000BFC80 /* PBXTargetDependency */,
			);
			name = "swish-delivererUITests";
			productName = "swish-delivererUITests";
			productReference = A5E1DCAC2965DD5A000BFC80 /* swish-delivererUITests.xctest */;
			productType = "com.apple.product-type.bundle.ui-testing";
		};
/* End PBXNativeTarget section */

/* Begin PBXProject section */
		A5E1DC842965DD59000BFC80 /* Project object */ = {
			isa = PBXProject;
			attributes = {
				BuildIndependentTargetsInParallel = 1;
				LastSwiftUpdateCheck = 1420;
				LastUpgradeCheck = 1420;
				TargetAttributes = {
					A5E1DC8B2965DD59000BFC80 = {
						CreatedOnToolsVersion = 14.2;
					};
					A5E1DCA12965DD5A000BFC80 = {
						CreatedOnToolsVersion = 14.2;
						TestTargetID = A5E1DC8B2965DD59000BFC80;
					};
					A5E1DCAB2965DD5A000BFC80 = {
						CreatedOnToolsVersion = 14.2;
						TestTargetID = A5E1DC8B2965DD59000BFC80;
					};
				};
			};
			buildConfigurationList = A5E1DC872965DD59000BFC80 /* Build configuration list for PBXProject "swish-deliverer" */;
			compatibilityVersion = "Xcode 14.0";
			developmentRegion = en;
			hasScannedForEncodings = 0;
			knownRegions = (
				en,
				Base,
				fr,
				es,
			);
			mainGroup = A5E1DC832965DD59000BFC80;
			productRefGroup = A5E1DC8D2965DD59000BFC80 /* Products */;
			projectDirPath = "";
			projectRoot = "";
			targets = (
				A5E1DC8B2965DD59000BFC80 /* swish-deliverer */,
				A5E1DCA12965DD5A000BFC80 /* swish-delivererTests */,
				A5E1DCAB2965DD5A000BFC80 /* swish-delivererUITests */,
			);
		};
/* End PBXProject section */

/* Begin PBXResourcesBuildPhase section */
		A5E1DC8A2965DD59000BFC80 /* Resources */ = {
			isa = PBXResourcesBuildPhase;
			buildActionMask = 2147483647;
			files = (
				A5E1DC9C2965DD5A000BFC80 /* LaunchScreen.storyboard in Resources */,
				A5E1DCC82965E985000BFC80 /* Localizable.strings in Resources */,
				A5E1DC992965DD5A000BFC80 /* Assets.xcassets in Resources */,
				A5E1DCE129662CBE000BFC80 /* HomeViewController.xib in Resources */,
				A5E1DCF2296CC62B000BFC80 /* TourViewController.xib in Resources */,
			);
			runOnlyForDeploymentPostprocessing = 0;
		};
		A5E1DCA02965DD5A000BFC80 /* Resources */ = {
			isa = PBXResourcesBuildPhase;
			buildActionMask = 2147483647;
			files = (
			);
			runOnlyForDeploymentPostprocessing = 0;
		};
		A5E1DCAA2965DD5A000BFC80 /* Resources */ = {
			isa = PBXResourcesBuildPhase;
			buildActionMask = 2147483647;
			files = (
			);
			runOnlyForDeploymentPostprocessing = 0;
		};
/* End PBXResourcesBuildPhase section */

/* Begin PBXSourcesBuildPhase section */
		A5E1DC882965DD59000BFC80 /* Sources */ = {
			isa = PBXSourcesBuildPhase;
			buildActionMask = 2147483647;
			files = (
				A5B69D572974289F00157B92 /* DateConverter.swift in Sources */,
				A5F6EA61296F50F4000AA989 /* Tour.swift in Sources */,
				A5E1DCEE296CB2D4000BFC80 /* AppInstance.swift in Sources */,
				A5E1DCF1296CC62B000BFC80 /* TourViewController.swift in Sources */,
				A5E1DCE72966376F000BFC80 /* SessionKeys.swift in Sources */,
				A5E1DC902965DD59000BFC80 /* AppDelegate.swift in Sources */,
				A5E1DCE4296633AF000BFC80 /* ConnectionService.swift in Sources */,
				A5F6EA63296F514F000AA989 /* Parcel.swift in Sources */,
				A5F6EA5F296F50AD000AA989 /* TourService.swift in Sources */,
				A5F6EA65296F527F000AA989 /* ParcelKeys.swift in Sources */,
				A5F6EA69296F56DA000AA989 /* TourDbService.swift in Sources */,
				A5E1DCDD2966248A000BFC80 /* LocalizedStringKeys.swift in Sources */,
				A5E1DCD42965EBE0000BFC80 /* Session.swift in Sources */,
				A5F6EA67296F53DF000AA989 /* TourKeys.swift in Sources */,
				A5E1DCEC296CAEE1000BFC80 /* ConnectionDbService.swift in Sources */,
				A5E1DCE029662CBE000BFC80 /* HomeViewController.swift in Sources */,
				A5F6EA6B296F58CF000AA989 /* ErrorCode.swift in Sources */,
			);
			runOnlyForDeploymentPostprocessing = 0;
		};
		A5E1DC9E2965DD5A000BFC80 /* Sources */ = {
			isa = PBXSourcesBuildPhase;
			buildActionMask = 2147483647;
			files = (
				A5E1DCA72965DD5A000BFC80 /* swish_delivererTests.swift in Sources */,
			);
			runOnlyForDeploymentPostprocessing = 0;
		};
		A5E1DCA82965DD5A000BFC80 /* Sources */ = {
			isa = PBXSourcesBuildPhase;
			buildActionMask = 2147483647;
			files = (
				A5E1DCB32965DD5A000BFC80 /* swish_delivererUITestsLaunchTests.swift in Sources */,
				A5E1DCB12965DD5A000BFC80 /* swish_delivererUITests.swift in Sources */,
			);
			runOnlyForDeploymentPostprocessing = 0;
		};
/* End PBXSourcesBuildPhase section */

/* Begin PBXTargetDependency section */
		A5E1DCA42965DD5A000BFC80 /* PBXTargetDependency */ = {
			isa = PBXTargetDependency;
			target = A5E1DC8B2965DD59000BFC80 /* swish-deliverer */;
			targetProxy = A5E1DCA32965DD5A000BFC80 /* PBXContainerItemProxy */;
		};
		A5E1DCAE2965DD5A000BFC80 /* PBXTargetDependency */ = {
			isa = PBXTargetDependency;
			target = A5E1DC8B2965DD59000BFC80 /* swish-deliverer */;
			targetProxy = A5E1DCAD2965DD5A000BFC80 /* PBXContainerItemProxy */;
		};
/* End PBXTargetDependency section */

/* Begin PBXVariantGroup section */
		A53C62282974B0E000AC4F1D /* Info.plist */ = {
			isa = PBXVariantGroup;
			children = (
				A53C62272974B0E000AC4F1D /* en */,
				A53C62292974B0E600AC4F1D /* fr */,
				A53C622A2974B0E800AC4F1D /* es */,
			);
			name = Info.plist;
			sourceTree = "<group>";
		};
		A5E1DC9A2965DD5A000BFC80 /* LaunchScreen.storyboard */ = {
			isa = PBXVariantGroup;
			children = (
				A5E1DC9B2965DD5A000BFC80 /* Base */,
			);
			name = LaunchScreen.storyboard;
			sourceTree = "<group>";
		};
		A5E1DCCA2965E985000BFC80 /* Localizable.strings */ = {
			isa = PBXVariantGroup;
			children = (
				A5E1DCC92965E985000BFC80 /* en */,
				A5E1DCCB2965E9BB000BFC80 /* fr */,
				A5E1DCCC2965E9EA000BFC80 /* es */,
			);
			name = Localizable.strings;
			sourceTree = "<group>";
		};
/* End PBXVariantGroup section */

/* Begin XCBuildConfiguration section */
		A5E1DCB42965DD5A000BFC80 /* Debug */ = {
			isa = XCBuildConfiguration;
			buildSettings = {
				ALWAYS_SEARCH_USER_PATHS = NO;
				CLANG_ANALYZER_LOCALIZABILITY_NONLOCALIZED = YES;
				CLANG_ANALYZER_NONNULL = YES;
				CLANG_ANALYZER_NUMBER_OBJECT_CONVERSION = YES_AGGRESSIVE;
				CLANG_CXX_LANGUAGE_STANDARD = "gnu++20";
				CLANG_ENABLE_MODULES = YES;
				CLANG_ENABLE_OBJC_ARC = YES;
				CLANG_ENABLE_OBJC_WEAK = YES;
				CLANG_WARN_BLOCK_CAPTURE_AUTORELEASING = YES;
				CLANG_WARN_BOOL_CONVERSION = YES;
				CLANG_WARN_COMMA = YES;
				CLANG_WARN_CONSTANT_CONVERSION = YES;
				CLANG_WARN_DEPRECATED_OBJC_IMPLEMENTATIONS = YES;
				CLANG_WARN_DIRECT_OBJC_ISA_USAGE = YES_ERROR;
				CLANG_WARN_DOCUMENTATION_COMMENTS = YES;
				CLANG_WARN_EMPTY_BODY = YES;
				CLANG_WARN_ENUM_CONVERSION = YES;
				CLANG_WARN_INFINITE_RECURSION = YES;
				CLANG_WARN_INT_CONVERSION = YES;
				CLANG_WARN_NON_LITERAL_NULL_CONVERSION = YES;
				CLANG_WARN_OBJC_IMPLICIT_RETAIN_SELF = YES;
				CLANG_WARN_OBJC_LITERAL_CONVERSION = YES;
				CLANG_WARN_OBJC_ROOT_CLASS = YES_ERROR;
				CLANG_WARN_QUOTED_INCLUDE_IN_FRAMEWORK_HEADER = YES;
				CLANG_WARN_RANGE_LOOP_ANALYSIS = YES;
				CLANG_WARN_STRICT_PROTOTYPES = YES;
				CLANG_WARN_SUSPICIOUS_MOVE = YES;
				CLANG_WARN_UNGUARDED_AVAILABILITY = YES_AGGRESSIVE;
				CLANG_WARN_UNREACHABLE_CODE = YES;
				CLANG_WARN__DUPLICATE_METHOD_MATCH = YES;
				COPY_PHASE_STRIP = NO;
				DEBUG_INFORMATION_FORMAT = dwarf;
				ENABLE_STRICT_OBJC_MSGSEND = YES;
				ENABLE_TESTABILITY = YES;
				GCC_C_LANGUAGE_STANDARD = gnu11;
				GCC_DYNAMIC_NO_PIC = NO;
				GCC_NO_COMMON_BLOCKS = YES;
				GCC_OPTIMIZATION_LEVEL = 0;
				GCC_PREPROCESSOR_DEFINITIONS = (
					"DEBUG=1",
					"$(inherited)",
				);
				GCC_WARN_64_TO_32_BIT_CONVERSION = YES;
				GCC_WARN_ABOUT_RETURN_TYPE = YES_ERROR;
				GCC_WARN_UNDECLARED_SELECTOR = YES;
				GCC_WARN_UNINITIALIZED_AUTOS = YES_AGGRESSIVE;
				GCC_WARN_UNUSED_FUNCTION = YES;
				GCC_WARN_UNUSED_VARIABLE = YES;
				IPHONEOS_DEPLOYMENT_TARGET = 16.2;
				MTL_ENABLE_DEBUG_INFO = INCLUDE_SOURCE;
				MTL_FAST_MATH = YES;
				ONLY_ACTIVE_ARCH = YES;
				SDKROOT = iphoneos;
				SWIFT_ACTIVE_COMPILATION_CONDITIONS = DEBUG;
				SWIFT_OPTIMIZATION_LEVEL = "-Onone";
			};
			name = Debug;
		};
		A5E1DCB52965DD5A000BFC80 /* Release */ = {
			isa = XCBuildConfiguration;
			buildSettings = {
				ALWAYS_SEARCH_USER_PATHS = NO;
				CLANG_ANALYZER_LOCALIZABILITY_NONLOCALIZED = YES;
				CLANG_ANALYZER_NONNULL = YES;
				CLANG_ANALYZER_NUMBER_OBJECT_CONVERSION = YES_AGGRESSIVE;
				CLANG_CXX_LANGUAGE_STANDARD = "gnu++20";
				CLANG_ENABLE_MODULES = YES;
				CLANG_ENABLE_OBJC_ARC = YES;
				CLANG_ENABLE_OBJC_WEAK = YES;
				CLANG_WARN_BLOCK_CAPTURE_AUTORELEASING = YES;
				CLANG_WARN_BOOL_CONVERSION = YES;
				CLANG_WARN_COMMA = YES;
				CLANG_WARN_CONSTANT_CONVERSION = YES;
				CLANG_WARN_DEPRECATED_OBJC_IMPLEMENTATIONS = YES;
				CLANG_WARN_DIRECT_OBJC_ISA_USAGE = YES_ERROR;
				CLANG_WARN_DOCUMENTATION_COMMENTS = YES;
				CLANG_WARN_EMPTY_BODY = YES;
				CLANG_WARN_ENUM_CONVERSION = YES;
				CLANG_WARN_INFINITE_RECURSION = YES;
				CLANG_WARN_INT_CONVERSION = YES;
				CLANG_WARN_NON_LITERAL_NULL_CONVERSION = YES;
				CLANG_WARN_OBJC_IMPLICIT_RETAIN_SELF = YES;
				CLANG_WARN_OBJC_LITERAL_CONVERSION = YES;
				CLANG_WARN_OBJC_ROOT_CLASS = YES_ERROR;
				CLANG_WARN_QUOTED_INCLUDE_IN_FRAMEWORK_HEADER = YES;
				CLANG_WARN_RANGE_LOOP_ANALYSIS = YES;
				CLANG_WARN_STRICT_PROTOTYPES = YES;
				CLANG_WARN_SUSPICIOUS_MOVE = YES;
				CLANG_WARN_UNGUARDED_AVAILABILITY = YES_AGGRESSIVE;
				CLANG_WARN_UNREACHABLE_CODE = YES;
				CLANG_WARN__DUPLICATE_METHOD_MATCH = YES;
				COPY_PHASE_STRIP = NO;
				DEBUG_INFORMATION_FORMAT = "dwarf-with-dsym";
				ENABLE_NS_ASSERTIONS = NO;
				ENABLE_STRICT_OBJC_MSGSEND = YES;
				GCC_C_LANGUAGE_STANDARD = gnu11;
				GCC_NO_COMMON_BLOCKS = YES;
				GCC_WARN_64_TO_32_BIT_CONVERSION = YES;
				GCC_WARN_ABOUT_RETURN_TYPE = YES_ERROR;
				GCC_WARN_UNDECLARED_SELECTOR = YES;
				GCC_WARN_UNINITIALIZED_AUTOS = YES_AGGRESSIVE;
				GCC_WARN_UNUSED_FUNCTION = YES;
				GCC_WARN_UNUSED_VARIABLE = YES;
				IPHONEOS_DEPLOYMENT_TARGET = 16.2;
				MTL_ENABLE_DEBUG_INFO = NO;
				MTL_FAST_MATH = YES;
				SDKROOT = iphoneos;
				SWIFT_COMPILATION_MODE = wholemodule;
				SWIFT_OPTIMIZATION_LEVEL = "-O";
				VALIDATE_PRODUCT = YES;
			};
			name = Release;
		};
		A5E1DCB72965DD5A000BFC80 /* Debug */ = {
			isa = XCBuildConfiguration;
			buildSettings = {
				ASSETCATALOG_COMPILER_APPICON_NAME = AppIcon;
				ASSETCATALOG_COMPILER_GLOBAL_ACCENT_COLOR_NAME = AccentColor;
				CODE_SIGN_STYLE = Automatic;
				CURRENT_PROJECT_VERSION = 1;
				DEVELOPMENT_TEAM = 267F8UQ7GW;
				GENERATE_INFOPLIST_FILE = YES;
				INFOPLIST_FILE = "swish-deliverer/Info.plist";
				INFOPLIST_KEY_CFBundleDisplayName = "Swish Deliverer";
				INFOPLIST_KEY_LSApplicationCategoryType = "public.app-category.productivity";
				INFOPLIST_KEY_UIApplicationSupportsIndirectInputEvents = YES;
				INFOPLIST_KEY_UILaunchStoryboardName = LaunchScreen;
				INFOPLIST_KEY_UISupportedInterfaceOrientations_iPad = "UIInterfaceOrientationPortrait UIInterfaceOrientationPortraitUpsideDown UIInterfaceOrientationLandscapeLeft UIInterfaceOrientationLandscapeRight";
				INFOPLIST_KEY_UISupportedInterfaceOrientations_iPhone = "UIInterfaceOrientationPortrait UIInterfaceOrientationLandscapeLeft UIInterfaceOrientationLandscapeRight";
				LD_RUNPATH_SEARCH_PATHS = (
					"$(inherited)",
					"@executable_path/Frameworks",
				);
				MARKETING_VERSION = 1.0;
				PRODUCT_BUNDLE_IDENTIFIER = "com.esgi.swish.swish-deliverer";
				PRODUCT_NAME = "$(TARGET_NAME)";
				SWIFT_EMIT_LOC_STRINGS = YES;
				SWIFT_VERSION = 5.0;
				TARGETED_DEVICE_FAMILY = "1,2";
			};
			name = Debug;
		};
		A5E1DCB82965DD5A000BFC80 /* Release */ = {
			isa = XCBuildConfiguration;
			buildSettings = {
				ASSETCATALOG_COMPILER_APPICON_NAME = AppIcon;
				ASSETCATALOG_COMPILER_GLOBAL_ACCENT_COLOR_NAME = AccentColor;
				CODE_SIGN_STYLE = Automatic;
				CURRENT_PROJECT_VERSION = 1;
				DEVELOPMENT_TEAM = 267F8UQ7GW;
				GENERATE_INFOPLIST_FILE = YES;
				INFOPLIST_FILE = "swish-deliverer/Info.plist";
				INFOPLIST_KEY_CFBundleDisplayName = "Swish Deliverer";
				INFOPLIST_KEY_LSApplicationCategoryType = "public.app-category.productivity";
				INFOPLIST_KEY_UIApplicationSupportsIndirectInputEvents = YES;
				INFOPLIST_KEY_UILaunchStoryboardName = LaunchScreen;
				INFOPLIST_KEY_UISupportedInterfaceOrientations_iPad = "UIInterfaceOrientationPortrait UIInterfaceOrientationPortraitUpsideDown UIInterfaceOrientationLandscapeLeft UIInterfaceOrientationLandscapeRight";
				INFOPLIST_KEY_UISupportedInterfaceOrientations_iPhone = "UIInterfaceOrientationPortrait UIInterfaceOrientationLandscapeLeft UIInterfaceOrientationLandscapeRight";
				LD_RUNPATH_SEARCH_PATHS = (
					"$(inherited)",
					"@executable_path/Frameworks",
				);
				MARKETING_VERSION = 1.0;
				PRODUCT_BUNDLE_IDENTIFIER = "com.esgi.swish.swish-deliverer";
				PRODUCT_NAME = "$(TARGET_NAME)";
				SWIFT_EMIT_LOC_STRINGS = YES;
				SWIFT_VERSION = 5.0;
				TARGETED_DEVICE_FAMILY = "1,2";
			};
			name = Release;
		};
		A5E1DCBA2965DD5A000BFC80 /* Debug */ = {
			isa = XCBuildConfiguration;
			buildSettings = {
				ALWAYS_EMBED_SWIFT_STANDARD_LIBRARIES = YES;
				BUNDLE_LOADER = "$(TEST_HOST)";
				CODE_SIGN_STYLE = Automatic;
				CURRENT_PROJECT_VERSION = 1;
				GENERATE_INFOPLIST_FILE = YES;
				IPHONEOS_DEPLOYMENT_TARGET = 16.2;
				MARKETING_VERSION = 1.0;
				PRODUCT_BUNDLE_IDENTIFIER = "com.esgi.swish.swish-delivererTests";
				PRODUCT_NAME = "$(TARGET_NAME)";
				SWIFT_EMIT_LOC_STRINGS = NO;
				SWIFT_VERSION = 5.0;
				TARGETED_DEVICE_FAMILY = "1,2";
				TEST_HOST = "$(BUILT_PRODUCTS_DIR)/swish-deliverer.app/$(BUNDLE_EXECUTABLE_FOLDER_PATH)/swish-deliverer";
			};
			name = Debug;
		};
		A5E1DCBB2965DD5A000BFC80 /* Release */ = {
			isa = XCBuildConfiguration;
			buildSettings = {
				ALWAYS_EMBED_SWIFT_STANDARD_LIBRARIES = YES;
				BUNDLE_LOADER = "$(TEST_HOST)";
				CODE_SIGN_STYLE = Automatic;
				CURRENT_PROJECT_VERSION = 1;
				GENERATE_INFOPLIST_FILE = YES;
				IPHONEOS_DEPLOYMENT_TARGET = 16.2;
				MARKETING_VERSION = 1.0;
				PRODUCT_BUNDLE_IDENTIFIER = "com.esgi.swish.swish-delivererTests";
				PRODUCT_NAME = "$(TARGET_NAME)";
				SWIFT_EMIT_LOC_STRINGS = NO;
				SWIFT_VERSION = 5.0;
				TARGETED_DEVICE_FAMILY = "1,2";
				TEST_HOST = "$(BUILT_PRODUCTS_DIR)/swish-deliverer.app/$(BUNDLE_EXECUTABLE_FOLDER_PATH)/swish-deliverer";
			};
			name = Release;
		};
		A5E1DCBD2965DD5A000BFC80 /* Debug */ = {
			isa = XCBuildConfiguration;
			buildSettings = {
				ALWAYS_EMBED_SWIFT_STANDARD_LIBRARIES = YES;
				CODE_SIGN_STYLE = Automatic;
				CURRENT_PROJECT_VERSION = 1;
				GENERATE_INFOPLIST_FILE = YES;
				MARKETING_VERSION = 1.0;
				PRODUCT_BUNDLE_IDENTIFIER = "com.esgi.swish.swish-delivererUITests";
				PRODUCT_NAME = "$(TARGET_NAME)";
				SWIFT_EMIT_LOC_STRINGS = NO;
				SWIFT_VERSION = 5.0;
				TARGETED_DEVICE_FAMILY = "1,2";
				TEST_TARGET_NAME = "swish-deliverer";
			};
			name = Debug;
		};
		A5E1DCBE2965DD5A000BFC80 /* Release */ = {
			isa = XCBuildConfiguration;
			buildSettings = {
				ALWAYS_EMBED_SWIFT_STANDARD_LIBRARIES = YES;
				CODE_SIGN_STYLE = Automatic;
				CURRENT_PROJECT_VERSION = 1;
				GENERATE_INFOPLIST_FILE = YES;
				MARKETING_VERSION = 1.0;
				PRODUCT_BUNDLE_IDENTIFIER = "com.esgi.swish.swish-delivererUITests";
				PRODUCT_NAME = "$(TARGET_NAME)";
				SWIFT_EMIT_LOC_STRINGS = NO;
				SWIFT_VERSION = 5.0;
				TARGETED_DEVICE_FAMILY = "1,2";
				TEST_TARGET_NAME = "swish-deliverer";
			};
			name = Release;
		};
/* End XCBuildConfiguration section */

/* Begin XCConfigurationList section */
		A5E1DC872965DD59000BFC80 /* Build configuration list for PBXProject "swish-deliverer" */ = {
			isa = XCConfigurationList;
			buildConfigurations = (
				A5E1DCB42965DD5A000BFC80 /* Debug */,
				A5E1DCB52965DD5A000BFC80 /* Release */,
			);
			defaultConfigurationIsVisible = 0;
			defaultConfigurationName = Release;
		};
		A5E1DCB62965DD5A000BFC80 /* Build configuration list for PBXNativeTarget "swish-deliverer" */ = {
			isa = XCConfigurationList;
			buildConfigurations = (
				A5E1DCB72965DD5A000BFC80 /* Debug */,
				A5E1DCB82965DD5A000BFC80 /* Release */,
			);
			defaultConfigurationIsVisible = 0;
			defaultConfigurationName = Release;
		};
		A5E1DCB92965DD5A000BFC80 /* Build configuration list for PBXNativeTarget "swish-delivererTests" */ = {
			isa = XCConfigurationList;
			buildConfigurations = (
				A5E1DCBA2965DD5A000BFC80 /* Debug */,
				A5E1DCBB2965DD5A000BFC80 /* Release */,
			);
			defaultConfigurationIsVisible = 0;
			defaultConfigurationName = Release;
		};
		A5E1DCBC2965DD5A000BFC80 /* Build configuration list for PBXNativeTarget "swish-delivererUITests" */ = {
			isa = XCConfigurationList;
			buildConfigurations = (
				A5E1DCBD2965DD5A000BFC80 /* Debug */,
				A5E1DCBE2965DD5A000BFC80 /* Release */,
			);
			defaultConfigurationIsVisible = 0;
			defaultConfigurationName = Release;
		};
/* End XCConfigurationList section */
	};
	rootObject = A5E1DC842965DD59000BFC80 /* Project object */;
}
